// !$*UTF8*$!
{
	archiveVersion = 1;
	classes = {
	};
	objectVersion = 46;
	objects = {

/* Begin PBXBuildFile section */
		912F289F1B19F287006735BA /* AppDelegate.swift in Sources */ = {isa = PBXBuildFile; fileRef = 912F289E1B19F287006735BA /* AppDelegate.swift */; };
		912F28A11B19F287006735BA /* ViewController.swift in Sources */ = {isa = PBXBuildFile; fileRef = 912F28A01B19F287006735BA /* ViewController.swift */; };
		912F28A41B19F287006735BA /* Main.storyboard in Resources */ = {isa = PBXBuildFile; fileRef = 912F28A21B19F287006735BA /* Main.storyboard */; };
		912F28A61B19F287006735BA /* Images.xcassets in Resources */ = {isa = PBXBuildFile; fileRef = 912F28A51B19F287006735BA /* Images.xcassets */; };
		912F28A91B19F287006735BA /* LaunchScreen.xib in Resources */ = {isa = PBXBuildFile; fileRef = 912F28A71B19F287006735BA /* LaunchScreen.xib */; };
		912F28B51B19F287006735BA /* CYTableViewTests.swift in Sources */ = {isa = PBXBuildFile; fileRef = 912F28B41B19F287006735BA /* CYTableViewTests.swift */; };
/* End PBXBuildFile section */

/* Begin PBXContainerItemProxy section */
		912F28AF1B19F287006735BA /* PBXContainerItemProxy */ = {
			isa = PBXContainerItemProxy;
			containerPortal = 912F28911B19F287006735BA /* Project object */;
			proxyType = 1;
			remoteGlobalIDString = 912F28981B19F287006735BA;
			remoteInfo = CYTableView;
		};
/* End PBXContainerItemProxy section */

/* Begin PBXFileReference section */
		912F28991B19F287006735BA /* CYTableView.app */ = {isa = PBXFileReference; explicitFileType = wrapper.application; includeInIndex = 0; path = CYTableView.app; sourceTree = BUILT_PRODUCTS_DIR; };
		912F289D1B19F287006735BA /* Info.plist */ = {isa = PBXFileReference; lastKnownFileType = text.plist.xml; path = Info.plist; sourceTree = "<group>"; };
		912F289E1B19F287006735BA /* AppDelegate.swift */ = {isa = PBXFileReference; lastKnownFileType = sourcecode.swift; path = AppDelegate.swift; sourceTree = "<group>"; };
		912F28A01B19F287006735BA /* ViewController.swift */ = {isa = PBXFileReference; lastKnownFileType = sourcecode.swift; path = ViewController.swift; sourceTree = "<group>"; };
		912F28A31B19F287006735BA /* Base */ = {isa = PBXFileReference; lastKnownFileType = file.storyboard; name = Base; path = Base.lproj/Main.storyboard; sourceTree = "<group>"; };
		912F28A51B19F287006735BA /* Images.xcassets */ = {isa = PBXFileReference; lastKnownFileType = folder.assetcatalog; path = Images.xcassets; sourceTree = "<group>"; };
		912F28A81B19F287006735BA /* Base */ = {isa = PBXFileReference; lastKnownFileType = file.xib; name = Base; path = Base.lproj/LaunchScreen.xib; sourceTree = "<group>"; };
		912F28AE1B19F287006735BA /* CYTableViewTests.xctest */ = {isa = PBXFileReference; explicitFileType = wrapper.cfbundle; includeInIndex = 0; path = CYTableViewTests.xctest; sourceTree = BUILT_PRODUCTS_DIR; };
		912F28B31B19F287006735BA /* Info.plist */ = {isa = PBXFileReference; lastKnownFileType = text.plist.xml; path = Info.plist; sourceTree = "<group>"; };
		912F28B41B19F287006735BA /* CYTableViewTests.swift */ = {isa = PBXFileReference; lastKnownFileType = sourcecode.swift; path = CYTableViewTests.swift; sourceTree = "<group>"; };
/* End PBXFileReference section */

/* Begin PBXFrameworksBuildPhase section */
		912F28961B19F287006735BA /* Frameworks */ = {
			isa = PBXFrameworksBuildPhase;
			buildActionMask = 2147483647;
			files = (
			);
			runOnlyForDeploymentPostprocessing = 0;
		};
		912F28AB1B19F287006735BA /* Frameworks */ = {
			isa = PBXFrameworksBuildPhase;
			buildActionMask = 2147483647;
			files = (
			);
			runOnlyForDeploymentPostprocessing = 0;
		};
/* End PBXFrameworksBuildPhase section */

/* Begin PBXGroup section */
		912F28901B19F287006735BA = {
			isa = PBXGroup;
			children = (
				912F289B1B19F287006735BA /* CYTableView */,
				912F28B11B19F287006735BA /* CYTableViewTests */,
				912F289A1B19F287006735BA /* Products */,
			);
			sourceTree = "<group>";
		};
		912F289A1B19F287006735BA /* Products */ = {
			isa = PBXGroup;
			children = (
				912F28991B19F287006735BA /* CYTableView.app */,
				912F28AE1B19F287006735BA /* CYTableViewTests.xctest */,
			);
			name = Products;
			sourceTree = "<group>";
		};
		912F289B1B19F287006735BA /* CYTableView */ = {
			isa = PBXGroup;
			children = (
				912F289E1B19F287006735BA /* AppDelegate.swift */,
				912F28A01B19F287006735BA /* ViewController.swift */,
				912F28A21B19F287006735BA /* Main.storyboard */,
				912F28A51B19F287006735BA /* Images.xcassets */,
				912F28A71B19F287006735BA /* LaunchScreen.xib */,
				912F289C1B19F287006735BA /* Supporting Files */,
			);
			path = CYTableView;
			sourceTree = "<group>";
		};
		912F289C1B19F287006735BA /* Supporting Files */ = {
			isa = PBXGroup;
			children = (
				912F289D1B19F287006735BA /* Info.plist */,
			);
			name = "Supporting Files";
			sourceTree = "<group>";
		};
		912F28B11B19F287006735BA /* CYTableViewTests */ = {
			isa = PBXGroup;
			children = (
				912F28B41B19F287006735BA /* CYTableViewTests.swift */,
				912F28B21B19F287006735BA /* Supporting Files */,
			);
			path = CYTableViewTests;
			sourceTree = "<group>";
		};
		912F28B21B19F287006735BA /* Supporting Files */ = {
			isa = PBXGroup;
			children = (
				912F28B31B19F287006735BA /* Info.plist */,
			);
			name = "Supporting Files";
			sourceTree = "<group>";
		};
/* End PBXGroup section */

/* Begin PBXNativeTarget section */
		912F28981B19F287006735BA /* CYTableView */ = {
			isa = PBXNativeTarget;
			buildConfigurationList = 912F28B81B19F287006735BA /* Build configuration list for PBXNativeTarget "CYTableView" */;
			buildPhases = (
				912F28951B19F287006735BA /* Sources */,
				912F28961B19F287006735BA /* Frameworks */,
				912F28971B19F287006735BA /* Resources */,
			);
			buildRules = (
			);
			dependencies = (
			);
			name = CYTableView;
			productName = CYTableView;
			productReference = 912F28991B19F287006735BA /* CYTableView.app */;
			productType = "com.apple.product-type.application";
		};
		912F28AD1B19F287006735BA /* CYTableViewTests */ = {
			isa = PBXNativeTarget;
			buildConfigurationList = 912F28BB1B19F287006735BA /* Build configuration list for PBXNativeTarget "CYTableViewTests" */;
			buildPhases = (
				912F28AA1B19F287006735BA /* Sources */,
				912F28AB1B19F287006735BA /* Frameworks */,
				912F28AC1B19F287006735BA /* Resources */,
			);
			buildRules = (
			);
			dependencies = (
				912F28B01B19F287006735BA /* PBXTargetDependency */,
			);
			name = CYTableViewTests;
			productName = CYTableViewTests;
			productReference = 912F28AE1B19F287006735BA /* CYTableViewTests.xctest */;
			productType = "com.apple.product-type.bundle.unit-test";
		};
/* End PBXNativeTarget section */

/* Begin PBXProject section */
		912F28911B19F287006735BA /* Project object */ = {
			isa = PBXProject;
			attributes = {
				LastUpgradeCheck = 0630;
				ORGANIZATIONNAME = "尤献利";
				TargetAttributes = {
					912F28981B19F287006735BA = {
						CreatedOnToolsVersion = 6.3.2;
					};
					912F28AD1B19F287006735BA = {
						CreatedOnToolsVersion = 6.3.2;
						TestTargetID = 912F28981B19F287006735BA;
					};
				};
			};
			buildConfigurationList = 912F28941B19F287006735BA /* Build configuration list for PBXProject "CYTableView" */;
			compatibilityVersion = "Xcode 3.2";
			developmentRegion = English;
			hasScannedForEncodings = 0;
			knownRegions = (
				en,
				Base,
			);
			mainGroup = 912F28901B19F287006735BA;
			productRefGroup = 912F289A1B19F287006735BA /* Products */;
			projectDirPath = "";
			projectRoot = "";
			targets = (
				912F28981B19F287006735BA /* CYTableView */,
				912F28AD1B19F287006735BA /* CYTableViewTests */,
			);
		};
/* End PBXProject section */

/* Begin PBXResourcesBuildPhase section */
		912F28971B19F287006735BA /* Resources */ = {
			isa = PBXResourcesBuildPhase;
			buildActionMask = 2147483647;
			files = (
				912F28A41B19F287006735BA /* Main.storyboard in Resources */,
				912F28A91B19F287006735BA /* LaunchScreen.xib in Resources */,
				912F28A61B19F287006735BA /* Images.xcassets in Resources */,
			);
			runOnlyForDeploymentPostprocessing = 0;
		};
		912F28AC1B19F287006735BA /* Resources */ = {
			isa = PBXResourcesBuildPhase;
			buildActionMask = 2147483647;
			files = (
			);
			runOnlyForDeploymentPostprocessing = 0;
		};
/* End PBXResourcesBuildPhase section */

/* Begin PBXSourcesBuildPhase section */
		912F28951B19F287006735BA /* Sources */ = {
			isa = PBXSourcesBuildPhase;
			buildActionMask = 2147483647;
			files = (
				912F28A11B19F287006735BA /* ViewController.swift in Sources */,
				912F289F1B19F287006735BA /* AppDelegate.swift in Sources */,
			);
			runOnlyForDeploymentPostprocessing = 0;
		};
		912F28AA1B19F287006735BA /* Sources */ = {
			isa = PBXSourcesBuildPhase;
			buildActionMask = 2147483647;
			files = (
				912F28B51B19F287006735BA /* CYTableViewTests.swift in Sources */,
			);
			runOnlyForDeploymentPostprocessing = 0;
		};
/* End PBXSourcesBuildPhase section */

/* Begin PBXTargetDependency section */
		912F28B01B19F287006735BA /* PBXTargetDependency */ = {
			isa = PBXTargetDependency;
			target = 912F28981B19F287006735BA /* CYTableView */;
			targetProxy = 912F28AF1B19F287006735BA /* PBXContainerItemProxy */;
		};
/* End PBXTargetDependency section */

/* Begin PBXVariantGroup section */
		912F28A21B19F287006735BA /* Main.storyboard */ = {
			isa = PBXVariantGroup;
			children = (
				912F28A31B19F287006735BA /* Base */,
			);
			name = Main.storyboard;
			sourceTree = "<group>";
		};
		912F28A71B19F287006735BA /* LaunchScreen.xib */ = {
			isa = PBXVariantGroup;
			children = (
				912F28A81B19F287006735BA /* Base */,
			);
			name = LaunchScreen.xib;
			sourceTree = "<group>";
		};
/* End PBXVariantGroup section */

/* Begin XCBuildConfiguration section */
		912F28B61B19F287006735BA /* Debug */ = {
			isa = XCBuildConfiguration;
			buildSettings = {
				ALWAYS_SEARCH_USER_PATHS = NO;
				CLANG_CXX_LANGUAGE_STANDARD = "gnu++0x";
				CLANG_CXX_LIBRARY = "libc++";
				CLANG_ENABLE_MODULES = YES;
				CLANG_ENABLE_OBJC_ARC = YES;
				CLANG_WARN_BOOL_CONVERSION = YES;
				CLANG_WARN_CONSTANT_CONVERSION = YES;
				CLANG_WARN_DIRECT_OBJC_ISA_USAGE = YES_ERROR;
				CLANG_WARN_EMPTY_BODY = YES;
				CLANG_WARN_ENUM_CONVERSION = YES;
				CLANG_WARN_INT_CONVERSION = YES;
				CLANG_WARN_OBJC_ROOT_CLASS = YES_ERROR;
				CLANG_WARN_UNREACHABLE_CODE = YES;
				CLANG_WARN__DUPLICATE_METHOD_MATCH = YES;
				"CODE_SIGN_IDENTITY[sdk=iphoneos*]" = "iPhone Developer";
				COPY_PHASE_STRIP = NO;
				DEBUG_INFORMATION_FORMAT = "dwarf-with-dsym";
				ENABLE_STRICT_OBJC_MSGSEND = YES;
				GCC_C_LANGUAGE_STANDARD = gnu99;
				GCC_DYNAMIC_NO_PIC = NO;
				GCC_NO_COMMON_BLOCKS = YES;
				GCC_OPTIMIZATION_LEVEL = 0;
				GCC_PREPROCESSOR_DEFINITIONS = (
					"DEBUG=1",
					"$(inherited)",
				);
				GCC_SYMBOLS_PRIVATE_EXTERN = NO;
				GCC_WARN_64_TO_32_BIT_CONVERSION = YES;
				GCC_WARN_ABOUT_RETURN_TYPE = YES_ERROR;
				GCC_WARN_UNDECLARED_SELECTOR = YES;
				GCC_WARN_UNINITIALIZED_AUTOS = YES_AGGRESSIVE;
				GCC_WARN_UNUSED_FUNCTION = YES;
				GCC_WARN_UNUSED_VARIABLE = YES;
				IPHONEOS_DEPLOYMENT_TARGET = 8.3;
				MTL_ENABLE_DEBUG_INFO = YES;
				ONLY_ACTIVE_ARCH = YES;
				SDKROOT = iphoneos;
				SWIFT_OPTIMIZATION_LEVEL = "-Onone";
				TARGETED_DEVICE_FAMILY = "1,2";
			};
			name = Debug;
		};
		912F28B71B19F287006735BA /* Release */ = {
			isa = XCBuildConfiguration;
			buildSettings = {
				ALWAYS_SEARCH_USER_PATHS = NO;
				CLANG_CXX_LANGUAGE_STANDARD = "gnu++0x";
				CLANG_CXX_LIBRARY = "libc++";
				CLANG_ENABLE_MODULES = YES;
				CLANG_ENABLE_OBJC_ARC = YES;
				CLANG_WARN_BOOL_CONVERSION = YES;
				CLANG_WARN_CONSTANT_CONVERSION = YES;
				CLANG_WARN_DIRECT_OBJC_ISA_USAGE = YES_ERROR;
				CLANG_WARN_EMPTY_BODY = YES;
				CLANG_WARN_ENUM_CONVERSION = YES;
				CLANG_WARN_INT_CONVERSION = YES;
				CLANG_WARN_OBJC_ROOT_CLASS = YES_ERROR;
				CLANG_WARN_UNREACHABLE_CODE = YES;
				CLANG_WARN__DUPLICATE_METHOD_MATCH = YES;
				"CODE_SIGN_IDENTITY[sdk=iphoneos*]" = "iPhone Developer";
				COPY_PHASE_STRIP = NO;
				DEBUG_INFORMATION_FORMAT = "dwarf-with-dsym";
				ENABLE_NS_ASSERTIONS = NO;
				ENABLE_STRICT_OBJC_MSGSEND = YES;
				GCC_C_LANGUAGE_STANDARD = gnu99;
				GCC_NO_COMMON_BLOCKS = YES;
				GCC_WARN_64_TO_32_BIT_CONVERSION = YES;
				GCC_WARN_ABOUT_RETURN_TYPE = YES_ERROR;
				GCC_WARN_UNDECLARED_SELECTOR = YES;
				GCC_WARN_UNINITIALIZED_AUTOS = YES_AGGRESSIVE;
				GCC_WARN_UNUSED_FUNCTION = YES;
				GCC_WARN_UNUSED_VARIABLE = YES;
				IPHONEOS_DEPLOYMENT_TARGET = 8.3;
				MTL_ENABLE_DEBUG_INFO = NO;
				SDKROOT = iphoneos;
				TARGETED_DEVICE_FAMILY = "1,2";
				VALIDATE_PRODUCT = YES;
			};
			name = Release;
		};
		912F28B91B19F287006735BA /* Debug */ = {
			isa = XCBuildConfiguration;
			buildSettings = {
				ASSETCATALOG_COMPILER_APPICON_NAME = AppIcon;
				INFOPLIST_FILE = CYTableView/Info.plist;
				LD_RUNPATH_SEARCH_PATHS = "$(inherited) @executable_path/Frameworks";
				PRODUCT_NAME = "$(TARGET_NAME)";
			};
			name = Debug;
		};
		912F28BA1B19F287006735BA /* Release */ = {
			isa = XCBuildConfiguration;
			buildSettings = {
				ASSETCATALOG_COMPILER_APPICON_NAME = AppIcon;
				INFOPLIST_FILE = CYTableView/Info.plist;
				LD_RUNPATH_SEARCH_PATHS = "$(inherited) @executable_path/Frameworks";
				PRODUCT_NAME = "$(TARGET_NAME)";
			};
			name = Release;
		};
		912F28BC1B19F287006735BA /* Debug */ = {
			isa = XCBuildConfiguration;
			buildSettings = {
				BUNDLE_LOADER = "$(TEST_HOST)";
				FRAMEWORK_SEARCH_PATHS = (
					"$(SDKROOT)/Developer/Library/Frameworks",
					"$(inherited)",
				);
				GCC_PREPROCESSOR_DEFINITIONS = (
					"DEBUG=1",
					"$(inherited)",
				);
				INFOPLIST_FILE = CYTableViewTests/Info.plist;
				LD_RUNPATH_SEARCH_PATHS = "$(inherited) @executable_path/Frameworks @loader_path/Frameworks";
				PRODUCT_NAME = "$(TARGET_NAME)";
				TEST_HOST = "$(BUILT_PRODUCTS_DIR)/CYTableView.app/CYTableView";
			};
			name = Debug;
		};
		912F28BD1B19F287006735BA /* Release */ = {
			isa = XCBuildConfiguration;
			buildSettings = {
				BUNDLE_LOADER = "$(TEST_HOST)";
				FRAMEWORK_SEARCH_PATHS = (
					"$(SDKROOT)/Developer/Library/Frameworks",
					"$(inherited)",
				);
				INFOPLIST_FILE = CYTableViewTests/Info.plist;
				LD_RUNPATH_SEARCH_PATHS = "$(inherited) @executable_path/Frameworks @loader_path/Frameworks";
				PRODUCT_NAME = "$(TARGET_NAME)";
				TEST_HOST = "$(BUILT_PRODUCTS_DIR)/CYTableView.app/CYTableView";
			};
			name = Release;
		};
/* End XCBuildConfiguration section */

/* Begin XCConfigurationList section */
		912F28941B19F287006735BA /* Build configuration list for PBXProject "CYTableView" */ = {
			isa = XCConfigurationList;
			buildConfigurations = (
				912F28B61B19F287006735BA /* Debug */,
				912F28B71B19F287006735BA /* Release */,
			);
			defaultConfigurationIsVisible = 0;
			defaultConfigurationName = Release;
		};
		912F28B81B19F287006735BA /* Build configuration list for PBXNativeTarget "CYTableView" */ = {
			isa = XCConfigurationList;
			buildConfigurations = (
				912F28B91B19F287006735BA /* Debug */,
				912F28BA1B19F287006735BA /* Release */,
			);
			defaultConfigurationIsVisible = 0;
		};
		912F28BB1B19F287006735BA /* Build configuration list for PBXNativeTarget "CYTableViewTests" */ = {
			isa = XCConfigurationList;
			buildConfigurations = (
				912F28BC1B19F287006735BA /* Debug */,
				912F28BD1B19F287006735BA /* Release */,
			);
			defaultConfigurationIsVisible = 0;
		};
/* End XCConfigurationList section */
	};
	rootObject = 912F28911B19F287006735BA /* Project object */;
}
